
Microsoft Visual Studio Solution File, Format Version 12.00
# Visual Studio 2013
VisualStudioVersion = 12.0.21005.1
MinimumVisualStudioVersion = 10.0.40219.1
Project("{8BC9CEB8-8B4A-11D0-8D11-00A0C91BC942}") = "OurDLL", "OurDLL\OurDLL.vcxproj", "{09C70024-FF3E-4A7B-B3B9-560CC714C1AF}"
EndProject
Global
	GlobalSection(SolutionConfigurationPlatforms) = preSolution
		Debug|Win32 = Debug|Win32
		Release|Win32 = Release|Win32
	EndGlobalSection
	GlobalSection(ProjectConfigurationPlatforms) = postSolution
		{09C70024-FF3E-4A7B-B3B9-560CC714C1AF}.Debug|Win32.ActiveCfg = Debug|Win32
		{09C70024-FF3E-4A7B-B3B9-560CC714C1AF}.Debug|Win32.Build.0 = Debug|Win32
		{09C70024-FF3E-4A7B-B3B9-560CC714C1AF}.Release|Win32.ActiveCfg = Release|Win32
		{09C70024-FF3E-4A7B-B3B9-560CC714C1AF}.Release|Win32.Build.0 = Release|Win32
	EndGlobalSection
	GlobalSection(SolutionProperties) = preSolution
		HideSolutionNode = FALSE
	EndGlobalSection
EndGlobal
